
Microsoft Visual Studio Solution File, Format Version 12.00
# Visual Studio Version 16
VisualStudioVersion = 16.0.32126.315
MinimumVisualStudioVersion = 10.0.40219.1
Project("{FAE04EC0-301F-11D3-BF4B-00C04F79EFBC}") = "ConsoleApp2", "ConsoleApp2\ConsoleApp2.csproj", "{4647387F-43A6-43C8-A8C3-62A6C3BB7D8C}"
EndProject
Global
	GlobalSection(SolutionConfigurationPlatforms) = preSolution
		Debug|Any CPU = Debug|Any CPU
		Release|Any CPU = Release|Any CPU
	EndGlobalSection
	GlobalSection(ProjectConfigurationPlatforms) = postSolution
		{4647387F-43A6-43C8-A8C3-62A6C3BB7D8C}.Debug|Any CPU.ActiveCfg = Debug|Any CPU
		{4647387F-43A6-43C8-A8C3-62A6C3BB7D8C}.Debug|Any CPU.Build.0 = Debug|Any CPU
		{4647387F-43A6-43C8-A8C3-62A6C3BB7D8C}.Release|Any CPU.ActiveCfg = Release|Any CPU
		{4647387F-43A6-43C8-A8C3-62A6C3BB7D8C}.Release|Any CPU.Build.0 = Release|Any CPU
	EndGlobalSection
	GlobalSection(SolutionProperties) = preSolution
		HideSolutionNode = FALSE
	EndGlobalSection
	GlobalSection(ExtensibilityGlobals) = postSolution
		SolutionGuid = {16E012D4-6673-447A-AD3F-A6C171C70082}
	EndGlobalSection
EndGlobal
